// !$*UTF8*$!
{
	archiveVersion = 1;
	classes = {
	};
	objectVersion = 46;
	objects = {

/* Begin PBXBuildFile section */
		F62CB7341B02C84C00AEA4AA /* main.m in Sources */ = {isa = PBXBuildFile; fileRef = F62CB7331B02C84C00AEA4AA /* main.m */; };
/* End PBXBuildFile section */

/* Begin PBXCopyFilesBuildPhase section */
		F62CB72E1B02C84C00AEA4AA /* CopyFiles */ = {
			isa = PBXCopyFilesBuildPhase;
			buildActionMask = 2147483647;
			dstPath = /usr/share/man/man1/;
			dstSubfolderSpec = 0;
			files = (
			);
			runOnlyForDeploymentPostprocessing = 1;
		};
/* End PBXCopyFilesBuildPhase section */

/* Begin PBXFileReference section */
		F62CB7301B02C84C00AEA4AA /* ArraySorting */ = {isa = PBXFileReference; explicitFileType = "compiled.mach-o.executable"; includeInIndex = 0; path = ArraySorting; sourceTree = BUILT_PRODUCTS_DIR; };
		F62CB7331B02C84C00AEA4AA /* main.m */ = {isa = PBXFileReference; lastKnownFileType = sourcecode.c.objc; path = main.m; sourceTree = "<group>"; };
/* End PBXFileReference section */

/* Begin PBXFrameworksBuildPhase section */
		F62CB72D1B02C84C00AEA4AA /* Frameworks */ = {
			isa = PBXFrameworksBuildPhase;
			buildActionMask = 2147483647;
			files = (
			);
			runOnlyForDeploymentPostprocessing = 0;
		};
/* End PBXFrameworksBuildPhase section */

/* Begin PBXGroup section */
		F62CB7271B02C84C00AEA4AA = {
			isa = PBXGroup;
			children = (
				F62CB7321B02C84C00AEA4AA /* ArraySorting */,
				F62CB7311B02C84C00AEA4AA /* Products */,
			);
			sourceTree = "<group>";
		};
		F62CB7311B02C84C00AEA4AA /* Products */ = {
			isa = PBXGroup;
			children = (
				F62CB7301B02C84C00AEA4AA /* ArraySorting */,
			);
			name = Products;
			sourceTree = "<group>";
		};
		F62CB7321B02C84C00AEA4AA /* ArraySorting */ = {
			isa = PBXGroup;
			children = (
				F62CB7331B02C84C00AEA4AA /* main.m */,
			);
			path = ArraySorting;
			sourceTree = "<group>";
		};
/* End PBXGroup section */

/* Begin PBXNativeTarget section */
		F62CB72F1B02C84C00AEA4AA /* ArraySorting */ = {
			isa = PBXNativeTarget;
			buildConfigurationList = F62CB7371B02C84C00AEA4AA /* Build configuration list for PBXNativeTarget "ArraySorting" */;
			buildPhases = (
				F62CB72C1B02C84C00AEA4AA /* Sources */,
				F62CB72D1B02C84C00AEA4AA /* Frameworks */,
				F62CB72E1B02C84C00AEA4AA /* CopyFiles */,
			);
			buildRules = (
			);
			dependencies = (
			);
			name = ArraySorting;
			productName = ArraySorting;
			productReference = F62CB7301B02C84C00AEA4AA /* ArraySorting */;
			productType = "com.apple.product-type.tool";
		};
/* End PBXNativeTarget section */

/* Begin PBXProject section */
		F62CB7281B02C84C00AEA4AA /* Project object */ = {
			isa = PBXProject;
			attributes = {
				LastUpgradeCheck = 0630;
				ORGANIZATIONNAME = "Abegael Jackson";
				TargetAttributes = {
					F62CB72F1B02C84C00AEA4AA = {
						CreatedOnToolsVersion = 6.3;
					};
				};
			};
			buildConfigurationList = F62CB72B1B02C84C00AEA4AA /* Build configuration list for PBXProject "ArraySorting" */;
			compatibilityVersion = "Xcode 3.2";
			developmentRegion = English;
			hasScannedForEncodings = 0;
			knownRegions = (
				en,
			);
			mainGroup = F62CB7271B02C84C00AEA4AA;
			productRefGroup = F62CB7311B02C84C00AEA4AA /* Products */;
			projectDirPath = "";
			projectRoot = "";
			targets = (
				F62CB72F1B02C84C00AEA4AA /* ArraySorting */,
			);
		};
/* End PBXProject section */

/* Begin PBXSourcesBuildPhase section */
		F62CB72C1B02C84C00AEA4AA /* Sources */ = {
			isa = PBXSourcesBuildPhase;
			buildActionMask = 2147483647;
			files = (
				F62CB7341B02C84C00AEA4AA /* main.m in Sources */,
			);
			runOnlyForDeploymentPostprocessing = 0;
		};
/* End PBXSourcesBuildPhase section */

/* Begin XCBuildConfiguration section */
		F62CB7351B02C84C00AEA4AA /* Debug */ = {
			isa = XCBuildConfiguration;
			buildSettings = {
				ALWAYS_SEARCH_USER_PATHS = NO;
				CLANG_CXX_LANGUAGE_STANDARD = "gnu++0x";
				CLANG_CXX_LIBRARY = "libc++";
				CLANG_ENABLE_MODULES = YES;
				CLANG_ENABLE_OBJC_ARC = YES;
				CLANG_WARN_BOOL_CONVERSION = YES;
				CLANG_WARN_CONSTANT_CONVERSION = YES;
				CLANG_WARN_DIRECT_OBJC_ISA_USAGE = YES_ERROR;
				CLANG_WARN_EMPTY_BODY = YES;
				CLANG_WARN_ENUM_CONVERSION = YES;
				CLANG_WARN_INT_CONVERSION = YES;
				CLANG_WARN_OBJC_ROOT_CLASS = YES_ERROR;
				CLANG_WARN_UNREACHABLE_CODE = YES;
				CLANG_WARN__DUPLICATE_METHOD_MATCH = YES;
				COPY_PHASE_STRIP = NO;
				DEBUG_INFORMATION_FORMAT = dwarf;
				ENABLE_STRICT_OBJC_MSGSEND = YES;
				GCC_C_LANGUAGE_STANDARD = gnu99;
				GCC_DYNAMIC_NO_PIC = NO;
				GCC_NO_COMMON_BLOCKS = YES;
				GCC_OPTIMIZATION_LEVEL = 0;
				GCC_PREPROCESSOR_DEFINITIONS = (
					"DEBUG=1",
					"$(inherited)",
				);
				GCC_SYMBOLS_PRIVATE_EXTERN = NO;
				GCC_WARN_64_TO_32_BIT_CONVERSION = YES;
				GCC_WARN_ABOUT_RETURN_TYPE = YES_ERROR;
				GCC_WARN_UNDECLARED_SELECTOR = YES;
				GCC_WARN_UNINITIALIZED_AUTOS = YES_AGGRESSIVE;
				GCC_WARN_UNUSED_FUNCTION = YES;
				GCC_WARN_UNUSED_VARIABLE = YES;
				MACOSX_DEPLOYMENT_TARGET = 10.10;
				MTL_ENABLE_DEBUG_INFO = YES;
				ONLY_ACTIVE_ARCH = YES;
				SDKROOT = macosx;
			};
			name = Debug;
		};
		F62CB7361B02C84C00AEA4AA /* Release */ = {
			isa = XCBuildConfiguration;
			buildSettings = {
				ALWAYS_SEARCH_USER_PATHS = NO;
				CLANG_CXX_LANGUAGE_STANDARD = "gnu++0x";
				CLANG_CXX_LIBRARY = "libc++";
				CLANG_ENABLE_MODULES = YES;
				CLANG_ENABLE_OBJC_ARC = YES;
				CLANG_WARN_BOOL_CONVERSION = YES;
				CLANG_WARN_CONSTANT_CONVERSION = YES;
				CLANG_WARN_DIRECT_OBJC_ISA_USAGE = YES_ERROR;
				CLANG_WARN_EMPTY_BODY = YES;
				CLANG_WARN_ENUM_CONVERSION = YES;
				CLANG_WARN_INT_CONVERSION = YES;
				CLANG_WARN_OBJC_ROOT_CLASS = YES_ERROR;
				CLANG_WARN_UNREACHABLE_CODE = YES;
				CLANG_WARN__DUPLICATE_METHOD_MATCH = YES;
				COPY_PHASE_STRIP = NO;
				DEBUG_INFORMATION_FORMAT = "dwarf-with-dsym";
				ENABLE_NS_ASSERTIONS = NO;
				ENABLE_STRICT_OBJC_MSGSEND = YES;
				GCC_C_LANGUAGE_STANDARD = gnu99;
				GCC_NO_COMMON_BLOCKS = YES;
				GCC_WARN_64_TO_32_BIT_CONVERSION = YES;
				GCC_WARN_ABOUT_RETURN_TYPE = YES_ERROR;
				GCC_WARN_UNDECLARED_SELECTOR = YES;
				GCC_WARN_UNINITIALIZED_AUTOS = YES_AGGRESSIVE;
				GCC_WARN_UNUSED_FUNCTION = YES;
				GCC_WARN_UNUSED_VARIABLE = YES;
				MACOSX_DEPLOYMENT_TARGET = 10.10;
				MTL_ENABLE_DEBUG_INFO = NO;
				SDKROOT = macosx;
			};
			name = Release;
		};
		F62CB7381B02C84C00AEA4AA /* Debug */ = {
			isa = XCBuildConfiguration;
			buildSettings = {
				PRODUCT_NAME = "$(TARGET_NAME)";
			};
			name = Debug;
		};
		F62CB7391B02C84C00AEA4AA /* Release */ = {
			isa = XCBuildConfiguration;
			buildSettings = {
				PRODUCT_NAME = "$(TARGET_NAME)";
			};
			name = Release;
		};
/* End XCBuildConfiguration section */

/* Begin XCConfigurationList section */
		F62CB72B1B02C84C00AEA4AA /* Build configuration list for PBXProject "ArraySorting" */ = {
			isa = XCConfigurationList;
			buildConfigurations = (
				F62CB7351B02C84C00AEA4AA /* Debug */,
				F62CB7361B02C84C00AEA4AA /* Release */,
			);
			defaultConfigurationIsVisible = 0;
			defaultConfigurationName = Release;
		};
		F62CB7371B02C84C00AEA4AA /* Build configuration list for PBXNativeTarget "ArraySorting" */ = {
			isa = XCConfigurationList;
			buildConfigurations = (
				F62CB7381B02C84C00AEA4AA /* Debug */,
				F62CB7391B02C84C00AEA4AA /* Release */,
			);
			defaultConfigurationIsVisible = 0;
		};
/* End XCConfigurationList section */
	};
	rootObject = F62CB7281B02C84C00AEA4AA /* Project object */;
}
